
Microsoft Visual Studio Solution File, Format Version 12.00
# Visual Studio Version 16
VisualStudioVersion = 16.0.30413.136
MinimumVisualStudioVersion = 10.0.40219.1
Project("{FAE04EC0-301F-11D3-BF4B-00C04F79EFBC}") = "Cinema", "Cinema.csproj", "{0027B6DD-DF65-4E4B-A24C-F8517CC39130}"
EndProject
Global
	GlobalSection(SolutionConfigurationPlatforms) = preSolution
		Debug|Any CPU = Debug|Any CPU
		Release|Any CPU = Release|Any CPU
	EndGlobalSection
	GlobalSection(ProjectConfigurationPlatforms) = postSolution
		{0027B6DD-DF65-4E4B-A24C-F8517CC39130}.Debug|Any CPU.ActiveCfg = Debug|Any CPU
		{0027B6DD-DF65-4E4B-A24C-F8517CC39130}.Debug|Any CPU.Build.0 = Debug|Any CPU
		{0027B6DD-DF65-4E4B-A24C-F8517CC39130}.Release|Any CPU.ActiveCfg = Release|Any CPU
		{0027B6DD-DF65-4E4B-A24C-F8517CC39130}.Release|Any CPU.Build.0 = Release|Any CPU
	EndGlobalSection
	GlobalSection(SolutionProperties) = preSolution
		HideSolutionNode = FALSE
	EndGlobalSection
	GlobalSection(ExtensibilityGlobals) = postSolution
		SolutionGuid = {5FC4002D-EE7F-406A-87F9-A38162E46B7F}
	EndGlobalSection
EndGlobal
